
Microsoft Visual Studio Solution File, Format Version 12.00
# Visual Studio Version 17
VisualStudioVersion = 17.7.34009.444
MinimumVisualStudioVersion = 10.0.40219.1
Project("{FAE04EC0-301F-11D3-BF4B-00C04F79EFBC}") = "Semana9Foro", "Semana9Foro\Semana9Foro.csproj", "{B0E36524-CB39-4B59-8F4A-F651CDA637AE}"
EndProject
Global
	GlobalSection(SolutionConfigurationPlatforms) = preSolution
		Debug|Any CPU = Debug|Any CPU
		Release|Any CPU = Release|Any CPU
	EndGlobalSection
	GlobalSection(ProjectConfigurationPlatforms) = postSolution
		{B0E36524-CB39-4B59-8F4A-F651CDA637AE}.Debug|Any CPU.ActiveCfg = Debug|Any CPU
		{B0E36524-CB39-4B59-8F4A-F651CDA637AE}.Debug|Any CPU.Build.0 = Debug|Any CPU
		{B0E36524-CB39-4B59-8F4A-F651CDA637AE}.Release|Any CPU.ActiveCfg = Release|Any CPU
		{B0E36524-CB39-4B59-8F4A-F651CDA637AE}.Release|Any CPU.Build.0 = Release|Any CPU
	EndGlobalSection
	GlobalSection(SolutionProperties) = preSolution
		HideSolutionNode = FALSE
	EndGlobalSection
	GlobalSection(ExtensibilityGlobals) = postSolution
		SolutionGuid = {9263CB08-1286-435E-B669-047E2F3AEB2A}
	EndGlobalSection
EndGlobal
